
Microsoft Visual Studio Solution File, Format Version 12.00
Project("{FAE04EC0-301F-11D3-BF4B-00C04F79EFBC}") = "HW1", "HW1\HW1.csproj", "{8F258BD3-9750-4D0C-90D3-CF99B0E6CBEF}"
EndProject
Project("{FAE04EC0-301F-11D3-BF4B-00C04F79EFBC}") = "HW2", "HW2\HW2.csproj", "{78D59E37-04F2-4990-ABB7-1F7811AC4AB7}"
EndProject
Global
	GlobalSection(SolutionConfigurationPlatforms) = preSolution
		Debug|Any CPU = Debug|Any CPU
		Release|Any CPU = Release|Any CPU
	EndGlobalSection
	GlobalSection(ProjectConfigurationPlatforms) = postSolution
		{8F258BD3-9750-4D0C-90D3-CF99B0E6CBEF}.Debug|Any CPU.ActiveCfg = Debug|Any CPU
		{8F258BD3-9750-4D0C-90D3-CF99B0E6CBEF}.Debug|Any CPU.Build.0 = Debug|Any CPU
		{8F258BD3-9750-4D0C-90D3-CF99B0E6CBEF}.Release|Any CPU.ActiveCfg = Release|Any CPU
		{8F258BD3-9750-4D0C-90D3-CF99B0E6CBEF}.Release|Any CPU.Build.0 = Release|Any CPU
		{78D59E37-04F2-4990-ABB7-1F7811AC4AB7}.Debug|Any CPU.ActiveCfg = Debug|Any CPU
		{78D59E37-04F2-4990-ABB7-1F7811AC4AB7}.Debug|Any CPU.Build.0 = Debug|Any CPU
		{78D59E37-04F2-4990-ABB7-1F7811AC4AB7}.Release|Any CPU.ActiveCfg = Release|Any CPU
		{78D59E37-04F2-4990-ABB7-1F7811AC4AB7}.Release|Any CPU.Build.0 = Release|Any CPU
	EndGlobalSection
EndGlobal
